
Microsoft Visual Studio Solution File, Format Version 12.00
# Visual Studio Version 16
VisualStudioVersion = 16.0.30804.86
MinimumVisualStudioVersion = 10.0.40219.1
Project("{F184B08F-C81C-45F6-A57F-5ABD9991F28F}") = "DotNet_MVC5_Application", "DotNet_MVC5_Application\DotNet_MVC5_Application.vbproj", "{1D696124-382C-43C1-B6DC-C1CC9BC4C78B}"
EndProject
Global
	GlobalSection(SolutionConfigurationPlatforms) = preSolution
		Debug|Any CPU = Debug|Any CPU
		Release|Any CPU = Release|Any CPU
	EndGlobalSection
	GlobalSection(ProjectConfigurationPlatforms) = postSolution
		{1D696124-382C-43C1-B6DC-C1CC9BC4C78B}.Debug|Any CPU.ActiveCfg = Debug|Any CPU
		{1D696124-382C-43C1-B6DC-C1CC9BC4C78B}.Debug|Any CPU.Build.0 = Debug|Any CPU
		{1D696124-382C-43C1-B6DC-C1CC9BC4C78B}.Release|Any CPU.ActiveCfg = Release|Any CPU
		{1D696124-382C-43C1-B6DC-C1CC9BC4C78B}.Release|Any CPU.Build.0 = Release|Any CPU
	EndGlobalSection
	GlobalSection(SolutionProperties) = preSolution
		HideSolutionNode = FALSE
	EndGlobalSection
	GlobalSection(ExtensibilityGlobals) = postSolution
		SolutionGuid = {6EFB67FE-DBFC-4D4B-8E30-F16B934D53DB}
	EndGlobalSection
EndGlobal
